
Microsoft Visual Studio Solution File, Format Version 12.00
# Visual Studio Version 17
VisualStudioVersion = 17.1.32328.378
MinimumVisualStudioVersion = 10.0.40219.1
Project("{FAE04EC0-301F-11D3-BF4B-00C04F79EFBC}") = "Books", "Books\Books.csproj", "{6CDE819A-8565-4BA4-84CB-68844192268F}"
EndProject
Global
	GlobalSection(SolutionConfigurationPlatforms) = preSolution
		Debug|Any CPU = Debug|Any CPU
		Release|Any CPU = Release|Any CPU
	EndGlobalSection
	GlobalSection(ProjectConfigurationPlatforms) = postSolution
		{6CDE819A-8565-4BA4-84CB-68844192268F}.Debug|Any CPU.ActiveCfg = Debug|Any CPU
		{6CDE819A-8565-4BA4-84CB-68844192268F}.Debug|Any CPU.Build.0 = Debug|Any CPU
		{6CDE819A-8565-4BA4-84CB-68844192268F}.Release|Any CPU.ActiveCfg = Release|Any CPU
		{6CDE819A-8565-4BA4-84CB-68844192268F}.Release|Any CPU.Build.0 = Release|Any CPU
	EndGlobalSection
	GlobalSection(SolutionProperties) = preSolution
		HideSolutionNode = FALSE
	EndGlobalSection
	GlobalSection(ExtensibilityGlobals) = postSolution
		SolutionGuid = {37496D68-62DF-4E04-BAAA-4B456CD8D6B9}
	EndGlobalSection
EndGlobal
