
Microsoft Visual Studio Solution File, Format Version 12.00
# Visual Studio Version 17
VisualStudioVersion = 17.1.32328.378
MinimumVisualStudioVersion = 10.0.40219.1
Project("{FAE04EC0-301F-11D3-BF4B-00C04F79EFBC}") = "Swaptwo", "Swaptwo\Swaptwo.csproj", "{422BA89F-267F-4A5C-9E88-82A54683189B}"
EndProject
Global
	GlobalSection(SolutionConfigurationPlatforms) = preSolution
		Debug|Any CPU = Debug|Any CPU
		Release|Any CPU = Release|Any CPU
	EndGlobalSection
	GlobalSection(ProjectConfigurationPlatforms) = postSolution
		{422BA89F-267F-4A5C-9E88-82A54683189B}.Debug|Any CPU.ActiveCfg = Debug|Any CPU
		{422BA89F-267F-4A5C-9E88-82A54683189B}.Debug|Any CPU.Build.0 = Debug|Any CPU
		{422BA89F-267F-4A5C-9E88-82A54683189B}.Release|Any CPU.ActiveCfg = Release|Any CPU
		{422BA89F-267F-4A5C-9E88-82A54683189B}.Release|Any CPU.Build.0 = Release|Any CPU
	EndGlobalSection
	GlobalSection(SolutionProperties) = preSolution
		HideSolutionNode = FALSE
	EndGlobalSection
	GlobalSection(ExtensibilityGlobals) = postSolution
		SolutionGuid = {312F7AD4-0C3A-40EA-BE96-2B6EBD5504FB}
	EndGlobalSection
EndGlobal
